// !$*UTF8*$!
{
	archiveVersion = 1;
	classes = {
	};
	objectVersion = 46;
	objects = {

/* Begin PBXBuildFile section */
		178D81AE1F3DA0DD0055E116 /* AppDelegate.swift in Sources */ = {isa = PBXBuildFile; fileRef = 178D81AD1F3DA0DD0055E116 /* AppDelegate.swift */; };
		178D81B01F3DA0DD0055E116 /* ViewController.swift in Sources */ = {isa = PBXBuildFile; fileRef = 178D81AF1F3DA0DD0055E116 /* ViewController.swift */; };
		178D81B31F3DA0DD0055E116 /* Main.storyboard in Resources */ = {isa = PBXBuildFile; fileRef = 178D81B11F3DA0DD0055E116 /* Main.storyboard */; };
		178D81B51F3DA0DD0055E116 /* Assets.xcassets in Resources */ = {isa = PBXBuildFile; fileRef = 178D81B41F3DA0DD0055E116 /* Assets.xcassets */; };
		178D81B81F3DA0DD0055E116 /* LaunchScreen.storyboard in Resources */ = {isa = PBXBuildFile; fileRef = 178D81B61F3DA0DD0055E116 /* LaunchScreen.storyboard */; };
		178D81C31F3DA0DE0055E116 /* jisuchouTests.swift in Sources */ = {isa = PBXBuildFile; fileRef = 178D81C21F3DA0DE0055E116 /* jisuchouTests.swift */; };
		178D81CE1F3DA0DE0055E116 /* jisuchouUITests.swift in Sources */ = {isa = PBXBuildFile; fileRef = 178D81CD1F3DA0DE0055E116 /* jisuchouUITests.swift */; };
		76CBE6F046012B266A5FE216 /* Pods_jisuchou.framework in Frameworks */ = {isa = PBXBuildFile; fileRef = AEC02C0BF624DE0089B690B9 /* Pods_jisuchou.framework */; };
/* End PBXBuildFile section */

/* Begin PBXContainerItemProxy section */
		178D81BF1F3DA0DE0055E116 /* PBXContainerItemProxy */ = {
			isa = PBXContainerItemProxy;
			containerPortal = 178D81A21F3DA0DD0055E116 /* Project object */;
			proxyType = 1;
			remoteGlobalIDString = 178D81A91F3DA0DD0055E116;
			remoteInfo = jisuchou;
		};
		178D81CA1F3DA0DE0055E116 /* PBXContainerItemProxy */ = {
			isa = PBXContainerItemProxy;
			containerPortal = 178D81A21F3DA0DD0055E116 /* Project object */;
			proxyType = 1;
			remoteGlobalIDString = 178D81A91F3DA0DD0055E116;
			remoteInfo = jisuchou;
		};
/* End PBXContainerItemProxy section */

/* Begin PBXFileReference section */
		178D81AA1F3DA0DD0055E116 /* jisuchou.app */ = {isa = PBXFileReference; explicitFileType = wrapper.application; includeInIndex = 0; path = jisuchou.app; sourceTree = BUILT_PRODUCTS_DIR; };
		178D81AD1F3DA0DD0055E116 /* AppDelegate.swift */ = {isa = PBXFileReference; lastKnownFileType = sourcecode.swift; path = AppDelegate.swift; sourceTree = "<group>"; };
		178D81AF1F3DA0DD0055E116 /* ViewController.swift */ = {isa = PBXFileReference; lastKnownFileType = sourcecode.swift; path = ViewController.swift; sourceTree = "<group>"; };
		178D81B21F3DA0DD0055E116 /* Base */ = {isa = PBXFileReference; lastKnownFileType = file.storyboard; name = Base; path = Base.lproj/Main.storyboard; sourceTree = "<group>"; };
		178D81B41F3DA0DD0055E116 /* Assets.xcassets */ = {isa = PBXFileReference; lastKnownFileType = folder.assetcatalog; path = Assets.xcassets; sourceTree = "<group>"; };
		178D81B71F3DA0DD0055E116 /* Base */ = {isa = PBXFileReference; lastKnownFileType = file.storyboard; name = Base; path = Base.lproj/LaunchScreen.storyboard; sourceTree = "<group>"; };
		178D81B91F3DA0DD0055E116 /* Info.plist */ = {isa = PBXFileReference; lastKnownFileType = text.plist.xml; path = Info.plist; sourceTree = "<group>"; };
		178D81BE1F3DA0DE0055E116 /* jisuchouTests.xctest */ = {isa = PBXFileReference; explicitFileType = wrapper.cfbundle; includeInIndex = 0; path = jisuchouTests.xctest; sourceTree = BUILT_PRODUCTS_DIR; };
		178D81C21F3DA0DE0055E116 /* jisuchouTests.swift */ = {isa = PBXFileReference; lastKnownFileType = sourcecode.swift; path = jisuchouTests.swift; sourceTree = "<group>"; };
		178D81C41F3DA0DE0055E116 /* Info.plist */ = {isa = PBXFileReference; lastKnownFileType = text.plist.xml; path = Info.plist; sourceTree = "<group>"; };
		178D81C91F3DA0DE0055E116 /* jisuchouUITests.xctest */ = {isa = PBXFileReference; explicitFileType = wrapper.cfbundle; includeInIndex = 0; path = jisuchouUITests.xctest; sourceTree = BUILT_PRODUCTS_DIR; };
		178D81CD1F3DA0DE0055E116 /* jisuchouUITests.swift */ = {isa = PBXFileReference; lastKnownFileType = sourcecode.swift; path = jisuchouUITests.swift; sourceTree = "<group>"; };
		178D81CF1F3DA0DE0055E116 /* Info.plist */ = {isa = PBXFileReference; lastKnownFileType = text.plist.xml; path = Info.plist; sourceTree = "<group>"; };
		4B5EFA24111084405DD4E808 /* Pods-jisuchou.release.xcconfig */ = {isa = PBXFileReference; includeInIndex = 1; lastKnownFileType = text.xcconfig; name = "Pods-jisuchou.release.xcconfig"; path = "Pods/Target Support Files/Pods-jisuchou/Pods-jisuchou.release.xcconfig"; sourceTree = "<group>"; };
		99DE13BBE97CB5A03DCEB84C /* Pods-jisuchou.debug.xcconfig */ = {isa = PBXFileReference; includeInIndex = 1; lastKnownFileType = text.xcconfig; name = "Pods-jisuchou.debug.xcconfig"; path = "Pods/Target Support Files/Pods-jisuchou/Pods-jisuchou.debug.xcconfig"; sourceTree = "<group>"; };
		AEC02C0BF624DE0089B690B9 /* Pods_jisuchou.framework */ = {isa = PBXFileReference; explicitFileType = wrapper.framework; includeInIndex = 0; path = Pods_jisuchou.framework; sourceTree = BUILT_PRODUCTS_DIR; };
/* End PBXFileReference section */

/* Begin PBXFrameworksBuildPhase section */
		178D81A71F3DA0DD0055E116 /* Frameworks */ = {
			isa = PBXFrameworksBuildPhase;
			buildActionMask = 2147483647;
			files = (
				76CBE6F046012B266A5FE216 /* Pods_jisuchou.framework in Frameworks */,
			);
			runOnlyForDeploymentPostprocessing = 0;
		};
		178D81BB1F3DA0DE0055E116 /* Frameworks */ = {
			isa = PBXFrameworksBuildPhase;
			buildActionMask = 2147483647;
			files = (
			);
			runOnlyForDeploymentPostprocessing = 0;
		};
		178D81C61F3DA0DE0055E116 /* Frameworks */ = {
			isa = PBXFrameworksBuildPhase;
			buildActionMask = 2147483647;
			files = (
			);
			runOnlyForDeploymentPostprocessing = 0;
		};
/* End PBXFrameworksBuildPhase section */

/* Begin PBXGroup section */
		178D81A11F3DA0DD0055E116 = {
			isa = PBXGroup;
			children = (
				178D81AC1F3DA0DD0055E116 /* jisuchou */,
				178D81C11F3DA0DE0055E116 /* jisuchouTests */,
				178D81CC1F3DA0DE0055E116 /* jisuchouUITests */,
				178D81AB1F3DA0DD0055E116 /* Products */,
				7C85CD4FC36F9E5FA9077AA1 /* Pods */,
				336681DCD4B8E651E35EF50A /* Frameworks */,
			);
			sourceTree = "<group>";
		};
		178D81AB1F3DA0DD0055E116 /* Products */ = {
			isa = PBXGroup;
			children = (
				178D81AA1F3DA0DD0055E116 /* jisuchou.app */,
				178D81BE1F3DA0DE0055E116 /* jisuchouTests.xctest */,
				178D81C91F3DA0DE0055E116 /* jisuchouUITests.xctest */,
			);
			name = Products;
			sourceTree = "<group>";
		};
		178D81AC1F3DA0DD0055E116 /* jisuchou */ = {
			isa = PBXGroup;
			children = (
				178D81AD1F3DA0DD0055E116 /* AppDelegate.swift */,
				178D81AF1F3DA0DD0055E116 /* ViewController.swift */,
				178D81B11F3DA0DD0055E116 /* Main.storyboard */,
				178D81B41F3DA0DD0055E116 /* Assets.xcassets */,
				178D81B61F3DA0DD0055E116 /* LaunchScreen.storyboard */,
				178D81B91F3DA0DD0055E116 /* Info.plist */,
			);
			path = jisuchou;
			sourceTree = "<group>";
		};
		178D81C11F3DA0DE0055E116 /* jisuchouTests */ = {
			isa = PBXGroup;
			children = (
				178D81C21F3DA0DE0055E116 /* jisuchouTests.swift */,
				178D81C41F3DA0DE0055E116 /* Info.plist */,
			);
			path = jisuchouTests;
			sourceTree = "<group>";
		};
		178D81CC1F3DA0DE0055E116 /* jisuchouUITests */ = {
			isa = PBXGroup;
			children = (
				178D81CD1F3DA0DE0055E116 /* jisuchouUITests.swift */,
				178D81CF1F3DA0DE0055E116 /* Info.plist */,
			);
			path = jisuchouUITests;
			sourceTree = "<group>";
		};
		336681DCD4B8E651E35EF50A /* Frameworks */ = {
			isa = PBXGroup;
			children = (
				AEC02C0BF624DE0089B690B9 /* Pods_jisuchou.framework */,
			);
			name = Frameworks;
			sourceTree = "<group>";
		};
		7C85CD4FC36F9E5FA9077AA1 /* Pods */ = {
			isa = PBXGroup;
			children = (
				99DE13BBE97CB5A03DCEB84C /* Pods-jisuchou.debug.xcconfig */,
				4B5EFA24111084405DD4E808 /* Pods-jisuchou.release.xcconfig */,
			);
			name = Pods;
			sourceTree = "<group>";
		};
/* End PBXGroup section */

/* Begin PBXNativeTarget section */
		178D81A91F3DA0DD0055E116 /* jisuchou */ = {
			isa = PBXNativeTarget;
			buildConfigurationList = 178D81D21F3DA0DE0055E116 /* Build configuration list for PBXNativeTarget "jisuchou" */;
			buildPhases = (
				97309E6FE02A3F325830C0EF /* [CP] Check Pods Manifest.lock */,
				178D81A61F3DA0DD0055E116 /* Sources */,
				178D81A71F3DA0DD0055E116 /* Frameworks */,
				178D81A81F3DA0DD0055E116 /* Resources */,
				5E26D85C78013CCB397E0044 /* [CP] Embed Pods Frameworks */,
				9A4B5065D1B9E10F0A4280C4 /* [CP] Copy Pods Resources */,
			);
			buildRules = (
			);
			dependencies = (
			);
			name = jisuchou;
			productName = jisuchou;
			productReference = 178D81AA1F3DA0DD0055E116 /* jisuchou.app */;
			productType = "com.apple.product-type.application";
		};
		178D81BD1F3DA0DE0055E116 /* jisuchouTests */ = {
			isa = PBXNativeTarget;
			buildConfigurationList = 178D81D51F3DA0DE0055E116 /* Build configuration list for PBXNativeTarget "jisuchouTests" */;
			buildPhases = (
				178D81BA1F3DA0DE0055E116 /* Sources */,
				178D81BB1F3DA0DE0055E116 /* Frameworks */,
				178D81BC1F3DA0DE0055E116 /* Resources */,
			);
			buildRules = (
			);
			dependencies = (
				178D81C01F3DA0DE0055E116 /* PBXTargetDependency */,
			);
			name = jisuchouTests;
			productName = jisuchouTests;
			productReference = 178D81BE1F3DA0DE0055E116 /* jisuchouTests.xctest */;
			productType = "com.apple.product-type.bundle.unit-test";
		};
		178D81C81F3DA0DE0055E116 /* jisuchouUITests */ = {
			isa = PBXNativeTarget;
			buildConfigurationList = 178D81D81F3DA0DE0055E116 /* Build configuration list for PBXNativeTarget "jisuchouUITests" */;
			buildPhases = (
				178D81C51F3DA0DE0055E116 /* Sources */,
				178D81C61F3DA0DE0055E116 /* Frameworks */,
				178D81C71F3DA0DE0055E116 /* Resources */,
			);
			buildRules = (
			);
			dependencies = (
				178D81CB1F3DA0DE0055E116 /* PBXTargetDependency */,
			);
			name = jisuchouUITests;
			productName = jisuchouUITests;
			productReference = 178D81C91F3DA0DE0055E116 /* jisuchouUITests.xctest */;
			productType = "com.apple.product-type.bundle.ui-testing";
		};
/* End PBXNativeTarget section */

/* Begin PBXProject section */
		178D81A21F3DA0DD0055E116 /* Project object */ = {
			isa = PBXProject;
			attributes = {
				LastSwiftUpdateCheck = 0830;
				LastUpgradeCheck = 0830;
				ORGANIZATIONNAME = qingsongchou;
				TargetAttributes = {
					178D81A91F3DA0DD0055E116 = {
						CreatedOnToolsVersion = 8.3.3;
						ProvisioningStyle = Automatic;
					};
					178D81BD1F3DA0DE0055E116 = {
						CreatedOnToolsVersion = 8.3.3;
						ProvisioningStyle = Automatic;
						TestTargetID = 178D81A91F3DA0DD0055E116;
					};
					178D81C81F3DA0DE0055E116 = {
						CreatedOnToolsVersion = 8.3.3;
						ProvisioningStyle = Automatic;
						TestTargetID = 178D81A91F3DA0DD0055E116;
					};
				};
			};
			buildConfigurationList = 178D81A51F3DA0DD0055E116 /* Build configuration list for PBXProject "jisuchou" */;
			compatibilityVersion = "Xcode 3.2";
			developmentRegion = English;
			hasScannedForEncodings = 0;
			knownRegions = (
				en,
				Base,
			);
			mainGroup = 178D81A11F3DA0DD0055E116;
			productRefGroup = 178D81AB1F3DA0DD0055E116 /* Products */;
			projectDirPath = "";
			projectRoot = "";
			targets = (
				178D81A91F3DA0DD0055E116 /* jisuchou */,
				178D81BD1F3DA0DE0055E116 /* jisuchouTests */,
				178D81C81F3DA0DE0055E116 /* jisuchouUITests */,
			);
		};
/* End PBXProject section */

/* Begin PBXResourcesBuildPhase section */
		178D81A81F3DA0DD0055E116 /* Resources */ = {
			isa = PBXResourcesBuildPhase;
			buildActionMask = 2147483647;
			files = (
				178D81B81F3DA0DD0055E116 /* LaunchScreen.storyboard in Resources */,
				178D81B51F3DA0DD0055E116 /* Assets.xcassets in Resources */,
				178D81B31F3DA0DD0055E116 /* Main.storyboard in Resources */,
			);
			runOnlyForDeploymentPostprocessing = 0;
		};
		178D81BC1F3DA0DE0055E116 /* Resources */ = {
			isa = PBXResourcesBuildPhase;
			buildActionMask = 2147483647;
			files = (
			);
			runOnlyForDeploymentPostprocessing = 0;
		};
		178D81C71F3DA0DE0055E116 /* Resources */ = {
			isa = PBXResourcesBuildPhase;
			buildActionMask = 2147483647;
			files = (
			);
			runOnlyForDeploymentPostprocessing = 0;
		};
/* End PBXResourcesBuildPhase section */

/* Begin PBXShellScriptBuildPhase section */
		5E26D85C78013CCB397E0044 /* [CP] Embed Pods Frameworks */ = {
			isa = PBXShellScriptBuildPhase;
			buildActionMask = 2147483647;
			files = (
			);
			inputPaths = (
			);
			name = "[CP] Embed Pods Frameworks";
			outputPaths = (
			);
			runOnlyForDeploymentPostprocessing = 0;
			shellPath = /bin/sh;
			shellScript = "\"${SRCROOT}/Pods/Target Support Files/Pods-jisuchou/Pods-jisuchou-frameworks.sh\"\n";
			showEnvVarsInLog = 0;
		};
		97309E6FE02A3F325830C0EF /* [CP] Check Pods Manifest.lock */ = {
			isa = PBXShellScriptBuildPhase;
			buildActionMask = 2147483647;
			files = (
			);
			inputPaths = (
			);
			name = "[CP] Check Pods Manifest.lock";
			outputPaths = (
			);
			runOnlyForDeploymentPostprocessing = 0;
			shellPath = /bin/sh;
			shellScript = "diff \"${PODS_ROOT}/../Podfile.lock\" \"${PODS_ROOT}/Manifest.lock\" > /dev/null\nif [ $? != 0 ] ; then\n    # print error to STDERR\n    echo \"error: The sandbox is not in sync with the Podfile.lock. Run 'pod install' or update your CocoaPods installation.\" >&2\n    exit 1\nfi\n";
			showEnvVarsInLog = 0;
		};
		9A4B5065D1B9E10F0A4280C4 /* [CP] Copy Pods Resources */ = {
			isa = PBXShellScriptBuildPhase;
			buildActionMask = 2147483647;
			files = (
			);
			inputPaths = (
			);
			name = "[CP] Copy Pods Resources";
			outputPaths = (
			);
			runOnlyForDeploymentPostprocessing = 0;
			shellPath = /bin/sh;
			shellScript = "\"${SRCROOT}/Pods/Target Support Files/Pods-jisuchou/Pods-jisuchou-resources.sh\"\n";
			showEnvVarsInLog = 0;
		};
/* End PBXShellScriptBuildPhase section */

/* Begin PBXSourcesBuildPhase section */
		178D81A61F3DA0DD0055E116 /* Sources */ = {
			isa = PBXSourcesBuildPhase;
			buildActionMask = 2147483647;
			files = (
				178D81B01F3DA0DD0055E116 /* ViewController.swift in Sources */,
				178D81AE1F3DA0DD0055E116 /* AppDelegate.swift in Sources */,
			);
			runOnlyForDeploymentPostprocessing = 0;
		};
		178D81BA1F3DA0DE0055E116 /* Sources */ = {
			isa = PBXSourcesBuildPhase;
			buildActionMask = 2147483647;
			files = (
				178D81C31F3DA0DE0055E116 /* jisuchouTests.swift in Sources */,
			);
			runOnlyForDeploymentPostprocessing = 0;
		};
		178D81C51F3DA0DE0055E116 /* Sources */ = {
			isa = PBXSourcesBuildPhase;
			buildActionMask = 2147483647;
			files = (
				178D81CE1F3DA0DE0055E116 /* jisuchouUITests.swift in Sources */,
			);
			runOnlyForDeploymentPostprocessing = 0;
		};
/* End PBXSourcesBuildPhase section */

/* Begin PBXTargetDependency section */
		178D81C01F3DA0DE0055E116 /* PBXTargetDependency */ = {
			isa = PBXTargetDependency;
			target = 178D81A91F3DA0DD0055E116 /* jisuchou */;
			targetProxy = 178D81BF1F3DA0DE0055E116 /* PBXContainerItemProxy */;
		};
		178D81CB1F3DA0DE0055E116 /* PBXTargetDependency */ = {
			isa = PBXTargetDependency;
			target = 178D81A91F3DA0DD0055E116 /* jisuchou */;
			targetProxy = 178D81CA1F3DA0DE0055E116 /* PBXContainerItemProxy */;
		};
/* End PBXTargetDependency section */

/* Begin PBXVariantGroup section */
		178D81B11F3DA0DD0055E116 /* Main.storyboard */ = {
			isa = PBXVariantGroup;
			children = (
				178D81B21F3DA0DD0055E116 /* Base */,
			);
			name = Main.storyboard;
			sourceTree = "<group>";
		};
		178D81B61F3DA0DD0055E116 /* LaunchScreen.storyboard */ = {
			isa = PBXVariantGroup;
			children = (
				178D81B71F3DA0DD0055E116 /* Base */,
			);
			name = LaunchScreen.storyboard;
			sourceTree = "<group>";
		};
/* End PBXVariantGroup section */

/* Begin XCBuildConfiguration section */
		178D81D01F3DA0DE0055E116 /* Debug */ = {
			isa = XCBuildConfiguration;
			buildSettings = {
				ALWAYS_SEARCH_USER_PATHS = NO;
				CLANG_ANALYZER_NONNULL = YES;
				CLANG_ANALYZER_NUMBER_OBJECT_CONVERSION = YES_AGGRESSIVE;
				CLANG_CXX_LANGUAGE_STANDARD = "gnu++0x";
				CLANG_CXX_LIBRARY = "libc++";
				CLANG_ENABLE_MODULES = YES;
				CLANG_ENABLE_OBJC_ARC = YES;
				CLANG_WARN_BOOL_CONVERSION = YES;
				CLANG_WARN_CONSTANT_CONVERSION = YES;
				CLANG_WARN_DIRECT_OBJC_ISA_USAGE = YES_ERROR;
				CLANG_WARN_DOCUMENTATION_COMMENTS = YES;
				CLANG_WARN_EMPTY_BODY = YES;
				CLANG_WARN_ENUM_CONVERSION = YES;
				CLANG_WARN_INFINITE_RECURSION = YES;
				CLANG_WARN_INT_CONVERSION = YES;
				CLANG_WARN_OBJC_ROOT_CLASS = YES_ERROR;
				CLANG_WARN_SUSPICIOUS_MOVE = YES;
				CLANG_WARN_UNREACHABLE_CODE = YES;
				CLANG_WARN__DUPLICATE_METHOD_MATCH = YES;
				"CODE_SIGN_IDENTITY[sdk=iphoneos*]" = "iPhone Developer";
				COPY_PHASE_STRIP = NO;
				DEBUG_INFORMATION_FORMAT = dwarf;
				ENABLE_STRICT_OBJC_MSGSEND = YES;
				ENABLE_TESTABILITY = YES;
				GCC_C_LANGUAGE_STANDARD = gnu99;
				GCC_DYNAMIC_NO_PIC = NO;
				GCC_NO_COMMON_BLOCKS = YES;
				GCC_OPTIMIZATION_LEVEL = 0;
				GCC_PREPROCESSOR_DEFINITIONS = (
					"DEBUG=1",
					"$(inherited)",
				);
				GCC_WARN_64_TO_32_BIT_CONVERSION = YES;
				GCC_WARN_ABOUT_RETURN_TYPE = YES_ERROR;
				GCC_WARN_UNDECLARED_SELECTOR = YES;
				GCC_WARN_UNINITIALIZED_AUTOS = YES_AGGRESSIVE;
				GCC_WARN_UNUSED_FUNCTION = YES;
				GCC_WARN_UNUSED_VARIABLE = YES;
				IPHONEOS_DEPLOYMENT_TARGET = 10.3;
				MTL_ENABLE_DEBUG_INFO = YES;
				ONLY_ACTIVE_ARCH = YES;
				SDKROOT = iphoneos;
				SWIFT_ACTIVE_COMPILATION_CONDITIONS = DEBUG;
				SWIFT_OPTIMIZATION_LEVEL = "-Onone";
				TARGETED_DEVICE_FAMILY = "1,2";
			};
			name = Debug;
		};
		178D81D11F3DA0DE0055E116 /* Release */ = {
			isa = XCBuildConfiguration;
			buildSettings = {
				ALWAYS_SEARCH_USER_PATHS = NO;
				CLANG_ANALYZER_NONNULL = YES;
				CLANG_ANALYZER_NUMBER_OBJECT_CONVERSION = YES_AGGRESSIVE;
				CLANG_CXX_LANGUAGE_STANDARD = "gnu++0x";
				CLANG_CXX_LIBRARY = "libc++";
				CLANG_ENABLE_MODULES = YES;
				CLANG_ENABLE_OBJC_ARC = YES;
				CLANG_WARN_BOOL_CONVERSION = YES;
				CLANG_WARN_CONSTANT_CONVERSION = YES;
				CLANG_WARN_DIRECT_OBJC_ISA_USAGE = YES_ERROR;
				CLANG_WARN_DOCUMENTATION_COMMENTS = YES;
				CLANG_WARN_EMPTY_BODY = YES;
				CLANG_WARN_ENUM_CONVERSION = YES;
				CLANG_WARN_INFINITE_RECURSION = YES;
				CLANG_WARN_INT_CONVERSION = YES;
				CLANG_WARN_OBJC_ROOT_CLASS = YES_ERROR;
				CLANG_WARN_SUSPICIOUS_MOVE = YES;
				CLANG_WARN_UNREACHABLE_CODE = YES;
				CLANG_WARN__DUPLICATE_METHOD_MATCH = YES;
				"CODE_SIGN_IDENTITY[sdk=iphoneos*]" = "iPhone Developer";
				COPY_PHASE_STRIP = NO;
				DEBUG_INFORMATION_FORMAT = "dwarf-with-dsym";
				ENABLE_NS_ASSERTIONS = NO;
				ENABLE_STRICT_OBJC_MSGSEND = YES;
				GCC_C_LANGUAGE_STANDARD = gnu99;
				GCC_NO_COMMON_BLOCKS = YES;
				GCC_WARN_64_TO_32_BIT_CONVERSION = YES;
				GCC_WARN_ABOUT_RETURN_TYPE = YES_ERROR;
				GCC_WARN_UNDECLARED_SELECTOR = YES;
				GCC_WARN_UNINITIALIZED_AUTOS = YES_AGGRESSIVE;
				GCC_WARN_UNUSED_FUNCTION = YES;
				GCC_WARN_UNUSED_VARIABLE = YES;
				IPHONEOS_DEPLOYMENT_TARGET = 10.3;
				MTL_ENABLE_DEBUG_INFO = NO;
				SDKROOT = iphoneos;
				SWIFT_OPTIMIZATION_LEVEL = "-Owholemodule";
				TARGETED_DEVICE_FAMILY = "1,2";
				VALIDATE_PRODUCT = YES;
			};
			name = Release;
		};
		178D81D31F3DA0DE0055E116 /* Debug */ = {
			isa = XCBuildConfiguration;
			baseConfigurationReference = 99DE13BBE97CB5A03DCEB84C /* Pods-jisuchou.debug.xcconfig */;
			buildSettings = {
				ASSETCATALOG_COMPILER_APPICON_NAME = AppIcon;
				INFOPLIST_FILE = jisuchou/Info.plist;
				LD_RUNPATH_SEARCH_PATHS = "$(inherited) @executable_path/Frameworks";
				PRODUCT_BUNDLE_IDENTIFIER = qingsongchou.jisuchou;
				PRODUCT_NAME = "$(TARGET_NAME)";
				SWIFT_VERSION = 3.0;
			};
			name = Debug;
		};
		178D81D41F3DA0DE0055E116 /* Release */ = {
			isa = XCBuildConfiguration;
			baseConfigurationReference = 4B5EFA24111084405DD4E808 /* Pods-jisuchou.release.xcconfig */;
			buildSettings = {
				ASSETCATALOG_COMPILER_APPICON_NAME = AppIcon;
				INFOPLIST_FILE = jisuchou/Info.plist;
				LD_RUNPATH_SEARCH_PATHS = "$(inherited) @executable_path/Frameworks";
				PRODUCT_BUNDLE_IDENTIFIER = qingsongchou.jisuchou;
				PRODUCT_NAME = "$(TARGET_NAME)";
				SWIFT_VERSION = 3.0;
			};
			name = Release;
		};
		178D81D61F3DA0DE0055E116 /* Debug */ = {
			isa = XCBuildConfiguration;
			buildSettings = {
				ALWAYS_EMBED_SWIFT_STANDARD_LIBRARIES = YES;
				BUNDLE_LOADER = "$(TEST_HOST)";
				INFOPLIST_FILE = jisuchouTests/Info.plist;
				LD_RUNPATH_SEARCH_PATHS = "$(inherited) @executable_path/Frameworks @loader_path/Frameworks";
				PRODUCT_BUNDLE_IDENTIFIER = qingsongchou.jisuchouTests;
				PRODUCT_NAME = "$(TARGET_NAME)";
				SWIFT_VERSION = 3.0;
				TEST_HOST = "$(BUILT_PRODUCTS_DIR)/jisuchou.app/jisuchou";
			};
			name = Debug;
		};
		178D81D71F3DA0DE0055E116 /* Release */ = {
			isa = XCBuildConfiguration;
			buildSettings = {
				ALWAYS_EMBED_SWIFT_STANDARD_LIBRARIES = YES;
				BUNDLE_LOADER = "$(TEST_HOST)";
				INFOPLIST_FILE = jisuchouTests/Info.plist;
				LD_RUNPATH_SEARCH_PATHS = "$(inherited) @executable_path/Frameworks @loader_path/Frameworks";
				PRODUCT_BUNDLE_IDENTIFIER = qingsongchou.jisuchouTests;
				PRODUCT_NAME = "$(TARGET_NAME)";
				SWIFT_VERSION = 3.0;
				TEST_HOST = "$(BUILT_PRODUCTS_DIR)/jisuchou.app/jisuchou";
			};
			name = Release;
		};
		178D81D91F3DA0DE0055E116 /* Debug */ = {
			isa = XCBuildConfiguration;
			buildSettings = {
				ALWAYS_EMBED_SWIFT_STANDARD_LIBRARIES = YES;
				INFOPLIST_FILE = jisuchouUITests/Info.plist;
				LD_RUNPATH_SEARCH_PATHS = "$(inherited) @executable_path/Frameworks @loader_path/Frameworks";
				PRODUCT_BUNDLE_IDENTIFIER = qingsongchou.jisuchouUITests;
				PRODUCT_NAME = "$(TARGET_NAME)";
				SWIFT_VERSION = 3.0;
				TEST_TARGET_NAME = jisuchou;
			};
			name = Debug;
		};
		178D81DA1F3DA0DE0055E116 /* Release */ = {
			isa = XCBuildConfiguration;
			buildSettings = {
				ALWAYS_EMBED_SWIFT_STANDARD_LIBRARIES = YES;
				INFOPLIST_FILE = jisuchouUITests/Info.plist;
				LD_RUNPATH_SEARCH_PATHS = "$(inherited) @executable_path/Frameworks @loader_path/Frameworks";
				PRODUCT_BUNDLE_IDENTIFIER = qingsongchou.jisuchouUITests;
				PRODUCT_NAME = "$(TARGET_NAME)";
				SWIFT_VERSION = 3.0;
				TEST_TARGET_NAME = jisuchou;
			};
			name = Release;
		};
/* End XCBuildConfiguration section */

/* Begin XCConfigurationList section */
		178D81A51F3DA0DD0055E116 /* Build configuration list for PBXProject "jisuchou" */ = {
			isa = XCConfigurationList;
			buildConfigurations = (
				178D81D01F3DA0DE0055E116 /* Debug */,
				178D81D11F3DA0DE0055E116 /* Release */,
			);
			defaultConfigurationIsVisible = 0;
			defaultConfigurationName = Release;
		};
		178D81D21F3DA0DE0055E116 /* Build configuration list for PBXNativeTarget "jisuchou" */ = {
			isa = XCConfigurationList;
			buildConfigurations = (
				178D81D31F3DA0DE0055E116 /* Debug */,
				178D81D41F3DA0DE0055E116 /* Release */,
			);
			defaultConfigurationIsVisible = 0;
		};
		178D81D51F3DA0DE0055E116 /* Build configuration list for PBXNativeTarget "jisuchouTests" */ = {
			isa = XCConfigurationList;
			buildConfigurations = (
				178D81D61F3DA0DE0055E116 /* Debug */,
				178D81D71F3DA0DE0055E116 /* Release */,
			);
			defaultConfigurationIsVisible = 0;
		};
		178D81D81F3DA0DE0055E116 /* Build configuration list for PBXNativeTarget "jisuchouUITests" */ = {
			isa = XCConfigurationList;
			buildConfigurations = (
				178D81D91F3DA0DE0055E116 /* Debug */,
				178D81DA1F3DA0DE0055E116 /* Release */,
			);
			defaultConfigurationIsVisible = 0;
		};
/* End XCConfigurationList section */
	};
	rootObject = 178D81A21F3DA0DD0055E116 /* Project object */;
}
